// !$*UTF8*$!
{
	archiveVersion = 1;
	classes = {
	};
	objectVersion = 46;
	objects = {

/* Begin PBXBuildFile section */
		D4053C671ABDCAE200240582 /* README.md in Sources */ = {isa = PBXBuildFile; fileRef = D4053C661ABDCAE200240582 /* README.md */; };
		D42064DE1ABC39E0004FEE70 /* AppDelegate.swift in Sources */ = {isa = PBXBuildFile; fileRef = D42064DD1ABC39E0004FEE70 /* AppDelegate.swift */; };
		D42064E01ABC39E0004FEE70 /* RecordAudioViewController.swift in Sources */ = {isa = PBXBuildFile; fileRef = D42064DF1ABC39E0004FEE70 /* RecordAudioViewController.swift */; };
		D42064E31ABC39E0004FEE70 /* Main.storyboard in Resources */ = {isa = PBXBuildFile; fileRef = D42064E11ABC39E0004FEE70 /* Main.storyboard */; };
		D42064E51ABC39E0004FEE70 /* Images.xcassets in Resources */ = {isa = PBXBuildFile; fileRef = D42064E41ABC39E0004FEE70 /* Images.xcassets */; };
		D42064E81ABC39E1004FEE70 /* LaunchScreen.xib in Resources */ = {isa = PBXBuildFile; fileRef = D42064E61ABC39E1004FEE70 /* LaunchScreen.xib */; };
		D45472631ABC743700D5FDE9 /* RecordedAudioTests.swift in Sources */ = {isa = PBXBuildFile; fileRef = D45472621ABC743700D5FDE9 /* RecordedAudioTests.swift */; };
		D45472651ABC74A000D5FDE9 /* RecordedAudio.swift in Sources */ = {isa = PBXBuildFile; fileRef = D45472641ABC74A000D5FDE9 /* RecordedAudio.swift */; };
		D45472661ABC74A000D5FDE9 /* RecordedAudio.swift in Sources */ = {isa = PBXBuildFile; fileRef = D45472641ABC74A000D5FDE9 /* RecordedAudio.swift */; };
		D45472671ABC74A000D5FDE9 /* RecordedAudio.swift in Sources */ = {isa = PBXBuildFile; fileRef = D45472641ABC74A000D5FDE9 /* RecordedAudio.swift */; };
		D454726D1ABC751C00D5FDE9 /* movie_quote.mp3 in Resources */ = {isa = PBXBuildFile; fileRef = D454726C1ABC751C00D5FDE9 /* movie_quote.mp3 */; };
		D454726E1ABC758700D5FDE9 /* movie_quote.mp3 in Resources */ = {isa = PBXBuildFile; fileRef = D454726C1ABC751C00D5FDE9 /* movie_quote.mp3 */; };
		D454726F1ABC761C00D5FDE9 /* movie_quote.mp3 in Resources */ = {isa = PBXBuildFile; fileRef = D45472681ABC750500D5FDE9 /* movie_quote.mp3 */; };
		D45472711ABC79DC00D5FDE9 /* PlaySoundsViewController.swift in Sources */ = {isa = PBXBuildFile; fileRef = D45472701ABC79DC00D5FDE9 /* PlaySoundsViewController.swift */; };
		D45472721ABC79DC00D5FDE9 /* PlaySoundsViewController.swift in Sources */ = {isa = PBXBuildFile; fileRef = D45472701ABC79DC00D5FDE9 /* PlaySoundsViewController.swift */; };
		D45472741ABC9F6C00D5FDE9 /* PPAudioEngineTests.swift in Sources */ = {isa = PBXBuildFile; fileRef = D45472731ABC9F6C00D5FDE9 /* PPAudioEngineTests.swift */; };
		D45472771ABCA06100D5FDE9 /* PPAudioEngine.swift in Sources */ = {isa = PBXBuildFile; fileRef = D45472761ABCA06100D5FDE9 /* PPAudioEngine.swift */; };
		D45472781ABCA06100D5FDE9 /* PPAudioEngine.swift in Sources */ = {isa = PBXBuildFile; fileRef = D45472761ABCA06100D5FDE9 /* PPAudioEngine.swift */; };
		D45472791ABCA06100D5FDE9 /* PPAudioEngine.swift in Sources */ = {isa = PBXBuildFile; fileRef = D45472761ABCA06100D5FDE9 /* PPAudioEngine.swift */; };
		D454727B1ABCA27900D5FDE9 /* PlaySoundsViewControllerTests.swift in Sources */ = {isa = PBXBuildFile; fileRef = D454727A1ABCA27900D5FDE9 /* PlaySoundsViewControllerTests.swift */; };
		D464D9491AC359E000C89E14 /* Effect.swift in Sources */ = {isa = PBXBuildFile; fileRef = D4ED97EA1AC34E0800C0EA09 /* Effect.swift */; };
		D464D94A1AC35ABA00C89E14 /* Effect.swift in Sources */ = {isa = PBXBuildFile; fileRef = D4ED97EA1AC34E0800C0EA09 /* Effect.swift */; };
		D4C9BF791ABC5393001B2786 /* RecordSoundViewControllerTests.swift in Sources */ = {isa = PBXBuildFile; fileRef = D4C9BF781ABC5393001B2786 /* RecordSoundViewControllerTests.swift */; };
		D4C9BF7F1ABC53B2001B2786 /* AppDelegate.swift in Sources */ = {isa = PBXBuildFile; fileRef = D42064DD1ABC39E0004FEE70 /* AppDelegate.swift */; };
		D4C9BF801ABC53B4001B2786 /* RecordAudioViewController.swift in Sources */ = {isa = PBXBuildFile; fileRef = D42064DF1ABC39E0004FEE70 /* RecordAudioViewController.swift */; };
		D4C9BF811ABC53B8001B2786 /* Main.storyboard in Resources */ = {isa = PBXBuildFile; fileRef = D42064E11ABC39E0004FEE70 /* Main.storyboard */; };
		D4C9BF821ABC53BB001B2786 /* Images.xcassets in Resources */ = {isa = PBXBuildFile; fileRef = D42064E41ABC39E0004FEE70 /* Images.xcassets */; };
		D4C9BF831ABC53BF001B2786 /* LaunchScreen.xib in Resources */ = {isa = PBXBuildFile; fileRef = D42064E61ABC39E1004FEE70 /* LaunchScreen.xib */; };
		D4C9BF871ABC58DC001B2786 /* PPAudioRecorderTest.swift in Sources */ = {isa = PBXBuildFile; fileRef = D4C9BF861ABC58DC001B2786 /* PPAudioRecorderTest.swift */; };
		D4C9BF891ABC592B001B2786 /* PPAudioRecorder.swift in Sources */ = {isa = PBXBuildFile; fileRef = D4C9BF881ABC592B001B2786 /* PPAudioRecorder.swift */; };
		D4C9BF8A1ABC592B001B2786 /* PPAudioRecorder.swift in Sources */ = {isa = PBXBuildFile; fileRef = D4C9BF881ABC592B001B2786 /* PPAudioRecorder.swift */; };
		D4C9BF8B1ABC592B001B2786 /* PPAudioRecorder.swift in Sources */ = {isa = PBXBuildFile; fileRef = D4C9BF881ABC592B001B2786 /* PPAudioRecorder.swift */; };
		D4C9BF8D1ABC5962001B2786 /* AVFoundation.framework in Frameworks */ = {isa = PBXBuildFile; fileRef = D4C9BF8C1ABC5962001B2786 /* AVFoundation.framework */; };
		D4ED97E41AC341C700C0EA09 /* EffectTests.swift in Sources */ = {isa = PBXBuildFile; fileRef = D4ED97E31AC341C700C0EA09 /* EffectTests.swift */; };
		D4ED97EC1AC34F7A00C0EA09 /* Effect.swift in Sources */ = {isa = PBXBuildFile; fileRef = D4ED97EA1AC34E0800C0EA09 /* Effect.swift */; };
/* End PBXBuildFile section */

/* Begin PBXContainerItemProxy section */
		D42064EE1ABC39E1004FEE70 /* PBXContainerItemProxy */ = {
			isa = PBXContainerItemProxy;
			containerPortal = D42064D01ABC39E0004FEE70 /* Project object */;
			proxyType = 1;
			remoteGlobalIDString = D42064D71ABC39E0004FEE70;
			remoteInfo = "Pitch-Perfect-IOS";
		};
		D4C9BF7A1ABC5393001B2786 /* PBXContainerItemProxy */ = {
			isa = PBXContainerItemProxy;
			containerPortal = D42064D01ABC39E0004FEE70 /* Project object */;
			proxyType = 1;
			remoteGlobalIDString = D42064D71ABC39E0004FEE70;
			remoteInfo = "Pitch-Perfect-IOS";
		};
/* End PBXContainerItemProxy section */

/* Begin PBXFileReference section */
		D4053C661ABDCAE200240582 /* README.md */ = {isa = PBXFileReference; fileEncoding = 4; lastKnownFileType = net.daringfireball.markdown; path = README.md; sourceTree = "<group>"; };
		D42064D81ABC39E0004FEE70 /* PitchPerfectIOS.app */ = {isa = PBXFileReference; explicitFileType = wrapper.application; includeInIndex = 0; path = PitchPerfectIOS.app; sourceTree = BUILT_PRODUCTS_DIR; };
		D42064DC1ABC39E0004FEE70 /* Info.plist */ = {isa = PBXFileReference; lastKnownFileType = text.plist.xml; path = Info.plist; sourceTree = "<group>"; };
		D42064DD1ABC39E0004FEE70 /* AppDelegate.swift */ = {isa = PBXFileReference; lastKnownFileType = sourcecode.swift; path = AppDelegate.swift; sourceTree = "<group>"; };
		D42064DF1ABC39E0004FEE70 /* RecordAudioViewController.swift */ = {isa = PBXFileReference; lastKnownFileType = sourcecode.swift; path = RecordAudioViewController.swift; sourceTree = "<group>"; };
		D42064E21ABC39E0004FEE70 /* Base */ = {isa = PBXFileReference; lastKnownFileType = file.storyboard; name = Base; path = Base.lproj/Main.storyboard; sourceTree = "<group>"; };
		D42064E41ABC39E0004FEE70 /* Images.xcassets */ = {isa = PBXFileReference; lastKnownFileType = folder.assetcatalog; path = Images.xcassets; sourceTree = "<group>"; };
		D42064E71ABC39E1004FEE70 /* Base */ = {isa = PBXFileReference; lastKnownFileType = file.xib; name = Base; path = Base.lproj/LaunchScreen.xib; sourceTree = "<group>"; };
		D42064ED1ABC39E1004FEE70 /* Pitch-Perfect-IOSTests.xctest */ = {isa = PBXFileReference; explicitFileType = wrapper.cfbundle; includeInIndex = 0; path = "Pitch-Perfect-IOSTests.xctest"; sourceTree = BUILT_PRODUCTS_DIR; };
		D42064F21ABC39E1004FEE70 /* Info.plist */ = {isa = PBXFileReference; lastKnownFileType = text.plist.xml; path = Info.plist; sourceTree = "<group>"; };
		D45472621ABC743700D5FDE9 /* RecordedAudioTests.swift */ = {isa = PBXFileReference; fileEncoding = 4; lastKnownFileType = sourcecode.swift; path = RecordedAudioTests.swift; sourceTree = "<group>"; };
		D45472641ABC74A000D5FDE9 /* RecordedAudio.swift */ = {isa = PBXFileReference; fileEncoding = 4; lastKnownFileType = sourcecode.swift; path = RecordedAudio.swift; sourceTree = "<group>"; };
		D45472681ABC750500D5FDE9 /* movie_quote.mp3 */ = {isa = PBXFileReference; lastKnownFileType = audio.mp3; name = movie_quote.mp3; path = "../../Pitch-Perfect-old/Pitch PerfectTests/movie_quote.mp3"; sourceTree = "<group>"; };
		D454726C1ABC751C00D5FDE9 /* movie_quote.mp3 */ = {isa = PBXFileReference; lastKnownFileType = audio.mp3; name = movie_quote.mp3; path = "../../Pitch-Perfect-old/Pitch PerfectTests/movie_quote.mp3"; sourceTree = "<group>"; };
		D45472701ABC79DC00D5FDE9 /* PlaySoundsViewController.swift */ = {isa = PBXFileReference; fileEncoding = 4; lastKnownFileType = sourcecode.swift; path = PlaySoundsViewController.swift; sourceTree = "<group>"; };
		D45472731ABC9F6C00D5FDE9 /* PPAudioEngineTests.swift */ = {isa = PBXFileReference; fileEncoding = 4; lastKnownFileType = sourcecode.swift; path = PPAudioEngineTests.swift; sourceTree = "<group>"; };
		D45472761ABCA06100D5FDE9 /* PPAudioEngine.swift */ = {isa = PBXFileReference; fileEncoding = 4; lastKnownFileType = sourcecode.swift; path = PPAudioEngine.swift; sourceTree = "<group>"; };
		D454727A1ABCA27900D5FDE9 /* PlaySoundsViewControllerTests.swift */ = {isa = PBXFileReference; fileEncoding = 4; lastKnownFileType = sourcecode.swift; path = PlaySoundsViewControllerTests.swift; sourceTree = "<group>"; };
		D4C9BF741ABC5393001B2786 /* Controllers test.xctest */ = {isa = PBXFileReference; explicitFileType = wrapper.cfbundle; includeInIndex = 0; path = "Controllers test.xctest"; sourceTree = BUILT_PRODUCTS_DIR; };
		D4C9BF771ABC5393001B2786 /* Info.plist */ = {isa = PBXFileReference; lastKnownFileType = text.plist.xml; path = Info.plist; sourceTree = "<group>"; };
		D4C9BF781ABC5393001B2786 /* RecordSoundViewControllerTests.swift */ = {isa = PBXFileReference; lastKnownFileType = sourcecode.swift; path = RecordSoundViewControllerTests.swift; sourceTree = "<group>"; };
		D4C9BF861ABC58DC001B2786 /* PPAudioRecorderTest.swift */ = {isa = PBXFileReference; fileEncoding = 4; lastKnownFileType = sourcecode.swift; path = PPAudioRecorderTest.swift; sourceTree = "<group>"; };
		D4C9BF881ABC592B001B2786 /* PPAudioRecorder.swift */ = {isa = PBXFileReference; fileEncoding = 4; lastKnownFileType = sourcecode.swift; path = PPAudioRecorder.swift; sourceTree = "<group>"; };
		D4C9BF8C1ABC5962001B2786 /* AVFoundation.framework */ = {isa = PBXFileReference; lastKnownFileType = wrapper.framework; name = AVFoundation.framework; path = System/Library/Frameworks/AVFoundation.framework; sourceTree = SDKROOT; };
		D4ED97E31AC341C700C0EA09 /* EffectTests.swift */ = {isa = PBXFileReference; fileEncoding = 4; lastKnownFileType = sourcecode.swift; path = EffectTests.swift; sourceTree = "<group>"; };
		D4ED97EA1AC34E0800C0EA09 /* Effect.swift */ = {isa = PBXFileReference; fileEncoding = 4; lastKnownFileType = sourcecode.swift; path = Effect.swift; sourceTree = "<group>"; };
/* End PBXFileReference section */

/* Begin PBXFrameworksBuildPhase section */
		D42064D51ABC39E0004FEE70 /* Frameworks */ = {
			isa = PBXFrameworksBuildPhase;
			buildActionMask = 2147483647;
			files = (
				D4C9BF8D1ABC5962001B2786 /* AVFoundation.framework in Frameworks */,
			);
			runOnlyForDeploymentPostprocessing = 0;
		};
		D42064EA1ABC39E1004FEE70 /* Frameworks */ = {
			isa = PBXFrameworksBuildPhase;
			buildActionMask = 2147483647;
			files = (
			);
			runOnlyForDeploymentPostprocessing = 0;
		};
		D4C9BF711ABC5393001B2786 /* Frameworks */ = {
			isa = PBXFrameworksBuildPhase;
			buildActionMask = 2147483647;
			files = (
			);
			runOnlyForDeploymentPostprocessing = 0;
		};
/* End PBXFrameworksBuildPhase section */

/* Begin PBXGroup section */
		D42064CF1ABC39E0004FEE70 = {
			isa = PBXGroup;
			children = (
				D4053C661ABDCAE200240582 /* README.md */,
				D4C9BF8C1ABC5962001B2786 /* AVFoundation.framework */,
				D42064DA1ABC39E0004FEE70 /* Pitch-Perfect-IOS */,
				D42064F01ABC39E1004FEE70 /* Pitch-Perfect-IOSTests */,
				D4C9BF751ABC5393001B2786 /* Controllers test */,
				D42064D91ABC39E0004FEE70 /* Products */,
			);
			sourceTree = "<group>";
		};
		D42064D91ABC39E0004FEE70 /* Products */ = {
			isa = PBXGroup;
			children = (
				D42064D81ABC39E0004FEE70 /* PitchPerfectIOS.app */,
				D42064ED1ABC39E1004FEE70 /* Pitch-Perfect-IOSTests.xctest */,
				D4C9BF741ABC5393001B2786 /* Controllers test.xctest */,
			);
			name = Products;
			sourceTree = "<group>";
		};
		D42064DA1ABC39E0004FEE70 /* Pitch-Perfect-IOS */ = {
			isa = PBXGroup;
			children = (
				D4C9BF841ABC5802001B2786 /* PPAudioClasses */,
				D42064DD1ABC39E0004FEE70 /* AppDelegate.swift */,
				D45472701ABC79DC00D5FDE9 /* PlaySoundsViewController.swift */,
				D42064DF1ABC39E0004FEE70 /* RecordAudioViewController.swift */,
				D42064E11ABC39E0004FEE70 /* Main.storyboard */,
				D42064E41ABC39E0004FEE70 /* Images.xcassets */,
				D42064E61ABC39E1004FEE70 /* LaunchScreen.xib */,
				D42064DB1ABC39E0004FEE70 /* Supporting Files */,
			);
			path = "Pitch-Perfect-IOS";
			sourceTree = "<group>";
		};
		D42064DB1ABC39E0004FEE70 /* Supporting Files */ = {
			isa = PBXGroup;
			children = (
				D42064DC1ABC39E0004FEE70 /* Info.plist */,
			);
			name = "Supporting Files";
			sourceTree = "<group>";
		};
		D42064F01ABC39E1004FEE70 /* Pitch-Perfect-IOSTests */ = {
			isa = PBXGroup;
			children = (
				D42064F11ABC39E1004FEE70 /* Supporting Files */,
				D4C9BF861ABC58DC001B2786 /* PPAudioRecorderTest.swift */,
				D45472621ABC743700D5FDE9 /* RecordedAudioTests.swift */,
				D45472731ABC9F6C00D5FDE9 /* PPAudioEngineTests.swift */,
				D4ED97E31AC341C700C0EA09 /* EffectTests.swift */,
			);
			path = "Pitch-Perfect-IOSTests";
			sourceTree = "<group>";
		};
		D42064F11ABC39E1004FEE70 /* Supporting Files */ = {
			isa = PBXGroup;
			children = (
				D45472681ABC750500D5FDE9 /* movie_quote.mp3 */,
				D42064F21ABC39E1004FEE70 /* Info.plist */,
			);
			name = "Supporting Files";
			sourceTree = "<group>";
		};
		D4C9BF751ABC5393001B2786 /* Controllers test */ = {
			isa = PBXGroup;
			children = (
				D454727A1ABCA27900D5FDE9 /* PlaySoundsViewControllerTests.swift */,
				D4C9BF781ABC5393001B2786 /* RecordSoundViewControllerTests.swift */,
				D4C9BF761ABC5393001B2786 /* Supporting Files */,
			);
			path = "Controllers test";
			sourceTree = "<group>";
		};
		D4C9BF761ABC5393001B2786 /* Supporting Files */ = {
			isa = PBXGroup;
			children = (
				D454726C1ABC751C00D5FDE9 /* movie_quote.mp3 */,
				D4C9BF771ABC5393001B2786 /* Info.plist */,
			);
			name = "Supporting Files";
			sourceTree = "<group>";
		};
		D4C9BF841ABC5802001B2786 /* PPAudioClasses */ = {
			isa = PBXGroup;
			children = (
				D4C9BF881ABC592B001B2786 /* PPAudioRecorder.swift */,
				D45472641ABC74A000D5FDE9 /* RecordedAudio.swift */,
				D45472761ABCA06100D5FDE9 /* PPAudioEngine.swift */,
				D4ED97EA1AC34E0800C0EA09 /* Effect.swift */,
			);
			name = PPAudioClasses;
			sourceTree = "<group>";
		};
/* End PBXGroup section */

/* Begin PBXNativeTarget section */
		D42064D71ABC39E0004FEE70 /* PitchPerfectIOS */ = {
			isa = PBXNativeTarget;
			buildConfigurationList = D42064F71ABC39E1004FEE70 /* Build configuration list for PBXNativeTarget "PitchPerfectIOS" */;
			buildPhases = (
				D42064D41ABC39E0004FEE70 /* Sources */,
				D42064D51ABC39E0004FEE70 /* Frameworks */,
				D42064D61ABC39E0004FEE70 /* Resources */,
			);
			buildRules = (
			);
			dependencies = (
			);
			name = PitchPerfectIOS;
			productName = "Pitch-Perfect-IOS";
			productReference = D42064D81ABC39E0004FEE70 /* PitchPerfectIOS.app */;
			productType = "com.apple.product-type.application";
		};
		D42064EC1ABC39E1004FEE70 /* Pitch-Perfect-IOSTests */ = {
			isa = PBXNativeTarget;
			buildConfigurationList = D42064FA1ABC39E1004FEE70 /* Build configuration list for PBXNativeTarget "Pitch-Perfect-IOSTests" */;
			buildPhases = (
				D42064E91ABC39E1004FEE70 /* Sources */,
				D42064EA1ABC39E1004FEE70 /* Frameworks */,
				D42064EB1ABC39E1004FEE70 /* Resources */,
			);
			buildRules = (
			);
			dependencies = (
				D42064EF1ABC39E1004FEE70 /* PBXTargetDependency */,
			);
			name = "Pitch-Perfect-IOSTests";
			productName = "Pitch-Perfect-IOSTests";
			productReference = D42064ED1ABC39E1004FEE70 /* Pitch-Perfect-IOSTests.xctest */;
			productType = "com.apple.product-type.bundle.unit-test";
		};
		D4C9BF731ABC5393001B2786 /* Controllers test */ = {
			isa = PBXNativeTarget;
			buildConfigurationList = D4C9BF7E1ABC5393001B2786 /* Build configuration list for PBXNativeTarget "Controllers test" */;
			buildPhases = (
				D4C9BF701ABC5393001B2786 /* Sources */,
				D4C9BF711ABC5393001B2786 /* Frameworks */,
				D4C9BF721ABC5393001B2786 /* Resources */,
			);
			buildRules = (
			);
			dependencies = (
				D4C9BF7B1ABC5393001B2786 /* PBXTargetDependency */,
			);
			name = "Controllers test";
			productName = "Controllers test";
			productReference = D4C9BF741ABC5393001B2786 /* Controllers test.xctest */;
			productType = "com.apple.product-type.bundle.unit-test";
		};
/* End PBXNativeTarget section */

/* Begin PBXProject section */
		D42064D01ABC39E0004FEE70 /* Project object */ = {
			isa = PBXProject;
			attributes = {
				LastUpgradeCheck = 0630;
				ORGANIZATIONNAME = "Pedro Del Gallego";
				TargetAttributes = {
					D42064D71ABC39E0004FEE70 = {
						CreatedOnToolsVersion = 6.3;
					};
					D42064EC1ABC39E1004FEE70 = {
						CreatedOnToolsVersion = 6.3;
						TestTargetID = D42064D71ABC39E0004FEE70;
					};
					D4C9BF731ABC5393001B2786 = {
						CreatedOnToolsVersion = 6.3;
						TestTargetID = D42064D71ABC39E0004FEE70;
					};
				};
			};
			buildConfigurationList = D42064D31ABC39E0004FEE70 /* Build configuration list for PBXProject "Pitch-Perfect-IOS" */;
			compatibilityVersion = "Xcode 3.2";
			developmentRegion = English;
			hasScannedForEncodings = 0;
			knownRegions = (
				en,
				Base,
			);
			mainGroup = D42064CF1ABC39E0004FEE70;
			productRefGroup = D42064D91ABC39E0004FEE70 /* Products */;
			projectDirPath = "";
			projectRoot = "";
			targets = (
				D42064D71ABC39E0004FEE70 /* PitchPerfectIOS */,
				D42064EC1ABC39E1004FEE70 /* Pitch-Perfect-IOSTests */,
				D4C9BF731ABC5393001B2786 /* Controllers test */,
			);
		};
/* End PBXProject section */

/* Begin PBXResourcesBuildPhase section */
		D42064D61ABC39E0004FEE70 /* Resources */ = {
			isa = PBXResourcesBuildPhase;
			buildActionMask = 2147483647;
			files = (
				D42064E31ABC39E0004FEE70 /* Main.storyboard in Resources */,
				D42064E81ABC39E1004FEE70 /* LaunchScreen.xib in Resources */,
				D454726E1ABC758700D5FDE9 /* movie_quote.mp3 in Resources */,
				D42064E51ABC39E0004FEE70 /* Images.xcassets in Resources */,
			);
			runOnlyForDeploymentPostprocessing = 0;
		};
		D42064EB1ABC39E1004FEE70 /* Resources */ = {
			isa = PBXResourcesBuildPhase;
			buildActionMask = 2147483647;
			files = (
				D454726F1ABC761C00D5FDE9 /* movie_quote.mp3 in Resources */,
			);
			runOnlyForDeploymentPostprocessing = 0;
		};
		D4C9BF721ABC5393001B2786 /* Resources */ = {
			isa = PBXResourcesBuildPhase;
			buildActionMask = 2147483647;
			files = (
				D4C9BF811ABC53B8001B2786 /* Main.storyboard in Resources */,
				D4C9BF831ABC53BF001B2786 /* LaunchScreen.xib in Resources */,
				D454726D1ABC751C00D5FDE9 /* movie_quote.mp3 in Resources */,
				D4C9BF821ABC53BB001B2786 /* Images.xcassets in Resources */,
			);
			runOnlyForDeploymentPostprocessing = 0;
		};
/* End PBXResourcesBuildPhase section */

/* Begin PBXSourcesBuildPhase section */
		D42064D41ABC39E0004FEE70 /* Sources */ = {
			isa = PBXSourcesBuildPhase;
			buildActionMask = 2147483647;
			files = (
				D45472651ABC74A000D5FDE9 /* RecordedAudio.swift in Sources */,
				D42064E01ABC39E0004FEE70 /* RecordAudioViewController.swift in Sources */,
				D4C9BF891ABC592B001B2786 /* PPAudioRecorder.swift in Sources */,
				D4053C671ABDCAE200240582 /* README.md in Sources */,
				D464D9491AC359E000C89E14 /* Effect.swift in Sources */,
				D45472711ABC79DC00D5FDE9 /* PlaySoundsViewController.swift in Sources */,
				D45472771ABCA06100D5FDE9 /* PPAudioEngine.swift in Sources */,
				D42064DE1ABC39E0004FEE70 /* AppDelegate.swift in Sources */,
			);
			runOnlyForDeploymentPostprocessing = 0;
		};
		D42064E91ABC39E1004FEE70 /* Sources */ = {
			isa = PBXSourcesBuildPhase;
			buildActionMask = 2147483647;
			files = (
				D4ED97EC1AC34F7A00C0EA09 /* Effect.swift in Sources */,
				D45472661ABC74A000D5FDE9 /* RecordedAudio.swift in Sources */,
				D45472741ABC9F6C00D5FDE9 /* PPAudioEngineTests.swift in Sources */,
				D4C9BF8A1ABC592B001B2786 /* PPAudioRecorder.swift in Sources */,
				D4C9BF871ABC58DC001B2786 /* PPAudioRecorderTest.swift in Sources */,
				D4ED97E41AC341C700C0EA09 /* EffectTests.swift in Sources */,
				D45472781ABCA06100D5FDE9 /* PPAudioEngine.swift in Sources */,
				D45472631ABC743700D5FDE9 /* RecordedAudioTests.swift in Sources */,
			);
			runOnlyForDeploymentPostprocessing = 0;
		};
		D4C9BF701ABC5393001B2786 /* Sources */ = {
			isa = PBXSourcesBuildPhase;
			buildActionMask = 2147483647;
			files = (
				D4C9BF8B1ABC592B001B2786 /* PPAudioRecorder.swift in Sources */,
				D4C9BF801ABC53B4001B2786 /* RecordAudioViewController.swift in Sources */,
				D454727B1ABCA27900D5FDE9 /* PlaySoundsViewControllerTests.swift in Sources */,
				D464D94A1AC35ABA00C89E14 /* Effect.swift in Sources */,
				D4C9BF7F1ABC53B2001B2786 /* AppDelegate.swift in Sources */,
				D45472791ABCA06100D5FDE9 /* PPAudioEngine.swift in Sources */,
				D4C9BF791ABC5393001B2786 /* RecordSoundViewControllerTests.swift in Sources */,
				D45472721ABC79DC00D5FDE9 /* PlaySoundsViewController.swift in Sources */,
				D45472671ABC74A000D5FDE9 /* RecordedAudio.swift in Sources */,
			);
			runOnlyForDeploymentPostprocessing = 0;
		};
/* End PBXSourcesBuildPhase section */

/* Begin PBXTargetDependency section */
		D42064EF1ABC39E1004FEE70 /* PBXTargetDependency */ = {
			isa = PBXTargetDependency;
			target = D42064D71ABC39E0004FEE70 /* PitchPerfectIOS */;
			targetProxy = D42064EE1ABC39E1004FEE70 /* PBXContainerItemProxy */;
		};
		D4C9BF7B1ABC5393001B2786 /* PBXTargetDependency */ = {
			isa = PBXTargetDependency;
			target = D42064D71ABC39E0004FEE70 /* PitchPerfectIOS */;
			targetProxy = D4C9BF7A1ABC5393001B2786 /* PBXContainerItemProxy */;
		};
/* End PBXTargetDependency section */

/* Begin PBXVariantGroup section */
		D42064E11ABC39E0004FEE70 /* Main.storyboard */ = {
			isa = PBXVariantGroup;
			children = (
				D42064E21ABC39E0004FEE70 /* Base */,
			);
			name = Main.storyboard;
			sourceTree = "<group>";
		};
		D42064E61ABC39E1004FEE70 /* LaunchScreen.xib */ = {
			isa = PBXVariantGroup;
			children = (
				D42064E71ABC39E1004FEE70 /* Base */,
			);
			name = LaunchScreen.xib;
			sourceTree = "<group>";
		};
/* End PBXVariantGroup section */

/* Begin XCBuildConfiguration section */
		D42064F51ABC39E1004FEE70 /* Debug */ = {
			isa = XCBuildConfiguration;
			buildSettings = {
				ALWAYS_SEARCH_USER_PATHS = NO;
				CLANG_CXX_LANGUAGE_STANDARD = "gnu++0x";
				CLANG_CXX_LIBRARY = "libc++";
				CLANG_ENABLE_MODULES = YES;
				CLANG_ENABLE_OBJC_ARC = YES;
				CLANG_WARN_BOOL_CONVERSION = YES;
				CLANG_WARN_CONSTANT_CONVERSION = YES;
				CLANG_WARN_DIRECT_OBJC_ISA_USAGE = YES_ERROR;
				CLANG_WARN_EMPTY_BODY = YES;
				CLANG_WARN_ENUM_CONVERSION = YES;
				CLANG_WARN_INT_CONVERSION = YES;
				CLANG_WARN_OBJC_ROOT_CLASS = YES_ERROR;
				CLANG_WARN_UNREACHABLE_CODE = YES;
				CLANG_WARN__DUPLICATE_METHOD_MATCH = YES;
				"CODE_SIGN_IDENTITY[sdk=iphoneos*]" = "iPhone Developer";
				COPY_PHASE_STRIP = NO;
				DEBUG_INFORMATION_FORMAT = "dwarf-with-dsym";
				ENABLE_STRICT_OBJC_MSGSEND = YES;
				GCC_C_LANGUAGE_STANDARD = gnu99;
				GCC_DYNAMIC_NO_PIC = NO;
				GCC_NO_COMMON_BLOCKS = YES;
				GCC_OPTIMIZATION_LEVEL = 0;
				GCC_PREPROCESSOR_DEFINITIONS = (
					"DEBUG=1",
					"$(inherited)",
				);
				GCC_SYMBOLS_PRIVATE_EXTERN = NO;
				GCC_WARN_64_TO_32_BIT_CONVERSION = YES;
				GCC_WARN_ABOUT_RETURN_TYPE = YES_ERROR;
				GCC_WARN_UNDECLARED_SELECTOR = YES;
				GCC_WARN_UNINITIALIZED_AUTOS = YES_AGGRESSIVE;
				GCC_WARN_UNUSED_FUNCTION = YES;
				GCC_WARN_UNUSED_VARIABLE = YES;
				IPHONEOS_DEPLOYMENT_TARGET = 8.3;
				MTL_ENABLE_DEBUG_INFO = YES;
				ONLY_ACTIVE_ARCH = YES;
				SDKROOT = iphoneos;
				SWIFT_OPTIMIZATION_LEVEL = "-Onone";
			};
			name = Debug;
		};
		D42064F61ABC39E1004FEE70 /* Release */ = {
			isa = XCBuildConfiguration;
			buildSettings = {
				ALWAYS_SEARCH_USER_PATHS = NO;
				CLANG_CXX_LANGUAGE_STANDARD = "gnu++0x";
				CLANG_CXX_LIBRARY = "libc++";
				CLANG_ENABLE_MODULES = YES;
				CLANG_ENABLE_OBJC_ARC = YES;
				CLANG_WARN_BOOL_CONVERSION = YES;
				CLANG_WARN_CONSTANT_CONVERSION = YES;
				CLANG_WARN_DIRECT_OBJC_ISA_USAGE = YES_ERROR;
				CLANG_WARN_EMPTY_BODY = YES;
				CLANG_WARN_ENUM_CONVERSION = YES;
				CLANG_WARN_INT_CONVERSION = YES;
				CLANG_WARN_OBJC_ROOT_CLASS = YES_ERROR;
				CLANG_WARN_UNREACHABLE_CODE = YES;
				CLANG_WARN__DUPLICATE_METHOD_MATCH = YES;
				"CODE_SIGN_IDENTITY[sdk=iphoneos*]" = "iPhone Developer";
				COPY_PHASE_STRIP = NO;
				DEBUG_INFORMATION_FORMAT = "dwarf-with-dsym";
				ENABLE_NS_ASSERTIONS = NO;
				ENABLE_STRICT_OBJC_MSGSEND = YES;
				GCC_C_LANGUAGE_STANDARD = gnu99;
				GCC_NO_COMMON_BLOCKS = YES;
				GCC_WARN_64_TO_32_BIT_CONVERSION = YES;
				GCC_WARN_ABOUT_RETURN_TYPE = YES_ERROR;
				GCC_WARN_UNDECLARED_SELECTOR = YES;
				GCC_WARN_UNINITIALIZED_AUTOS = YES_AGGRESSIVE;
				GCC_WARN_UNUSED_FUNCTION = YES;
				GCC_WARN_UNUSED_VARIABLE = YES;
				IPHONEOS_DEPLOYMENT_TARGET = 8.3;
				MTL_ENABLE_DEBUG_INFO = NO;
				SDKROOT = iphoneos;
				VALIDATE_PRODUCT = YES;
			};
			name = Release;
		};
		D42064F81ABC39E1004FEE70 /* Debug */ = {
			isa = XCBuildConfiguration;
			buildSettings = {
				ASSETCATALOG_COMPILER_APPICON_NAME = AppIcon;
				INFOPLIST_FILE = "Pitch-Perfect-IOS/Info.plist";
				LD_RUNPATH_SEARCH_PATHS = "$(inherited) @executable_path/Frameworks";
				PRODUCT_NAME = "$(TARGET_NAME)";
			};
			name = Debug;
		};
		D42064F91ABC39E1004FEE70 /* Release */ = {
			isa = XCBuildConfiguration;
			buildSettings = {
				ASSETCATALOG_COMPILER_APPICON_NAME = AppIcon;
				INFOPLIST_FILE = "Pitch-Perfect-IOS/Info.plist";
				LD_RUNPATH_SEARCH_PATHS = "$(inherited) @executable_path/Frameworks";
				PRODUCT_NAME = "$(TARGET_NAME)";
			};
			name = Release;
		};
		D42064FB1ABC39E1004FEE70 /* Debug */ = {
			isa = XCBuildConfiguration;
			buildSettings = {
				BUNDLE_LOADER = "$(TEST_HOST)";
				CLANG_ENABLE_MODULES = YES;
				FRAMEWORK_SEARCH_PATHS = (
					"$(SDKROOT)/Developer/Library/Frameworks",
					"$(inherited)",
				);
				GCC_PREPROCESSOR_DEFINITIONS = (
					"DEBUG=1",
					"$(inherited)",
				);
				INFOPLIST_FILE = "Pitch-Perfect-IOSTests/Info.plist";
				LD_RUNPATH_SEARCH_PATHS = "$(inherited) @executable_path/Frameworks @loader_path/Frameworks";
				PRODUCT_NAME = "$(TARGET_NAME)";
				SWIFT_OPTIMIZATION_LEVEL = "-Onone";
				TEST_HOST = "$(BUILT_PRODUCTS_DIR)/Pitch-Perfect-IOS.app/Pitch-Perfect-IOS";
			};
			name = Debug;
		};
		D42064FC1ABC39E1004FEE70 /* Release */ = {
			isa = XCBuildConfiguration;
			buildSettings = {
				BUNDLE_LOADER = "$(TEST_HOST)";
				CLANG_ENABLE_MODULES = YES;
				FRAMEWORK_SEARCH_PATHS = (
					"$(SDKROOT)/Developer/Library/Frameworks",
					"$(inherited)",
				);
				INFOPLIST_FILE = "Pitch-Perfect-IOSTests/Info.plist";
				LD_RUNPATH_SEARCH_PATHS = "$(inherited) @executable_path/Frameworks @loader_path/Frameworks";
				PRODUCT_NAME = "$(TARGET_NAME)";
				TEST_HOST = "$(BUILT_PRODUCTS_DIR)/Pitch-Perfect-IOS.app/Pitch-Perfect-IOS";
			};
			name = Release;
		};
		D4C9BF7C1ABC5393001B2786 /* Debug */ = {
			isa = XCBuildConfiguration;
			buildSettings = {
				BUNDLE_LOADER = "$(TEST_HOST)";
				FRAMEWORK_SEARCH_PATHS = (
					"$(SDKROOT)/Developer/Library/Frameworks",
					"$(inherited)",
				);
				GCC_PREPROCESSOR_DEFINITIONS = (
					"DEBUG=1",
					"$(inherited)",
				);
				INFOPLIST_FILE = "Controllers test/Info.plist";
				LD_RUNPATH_SEARCH_PATHS = "$(inherited) @executable_path/Frameworks @loader_path/Frameworks";
				PRODUCT_NAME = "$(TARGET_NAME)";
				TEST_HOST = "$(BUILT_PRODUCTS_DIR)/Pitch-Perfect-IOS.app/Pitch-Perfect-IOS";
			};
			name = Debug;
		};
		D4C9BF7D1ABC5393001B2786 /* Release */ = {
			isa = XCBuildConfiguration;
			buildSettings = {
				BUNDLE_LOADER = "$(TEST_HOST)";
				FRAMEWORK_SEARCH_PATHS = (
					"$(SDKROOT)/Developer/Library/Frameworks",
					"$(inherited)",
				);
				INFOPLIST_FILE = "Controllers test/Info.plist";
				LD_RUNPATH_SEARCH_PATHS = "$(inherited) @executable_path/Frameworks @loader_path/Frameworks";
				PRODUCT_NAME = "$(TARGET_NAME)";
				TEST_HOST = "$(BUILT_PRODUCTS_DIR)/Pitch-Perfect-IOS.app/Pitch-Perfect-IOS";
			};
			name = Release;
		};
/* End XCBuildConfiguration section */

/* Begin XCConfigurationList section */
		D42064D31ABC39E0004FEE70 /* Build configuration list for PBXProject "Pitch-Perfect-IOS" */ = {
			isa = XCConfigurationList;
			buildConfigurations = (
				D42064F51ABC39E1004FEE70 /* Debug */,
				D42064F61ABC39E1004FEE70 /* Release */,
			);
			defaultConfigurationIsVisible = 0;
			defaultConfigurationName = Release;
		};
		D42064F71ABC39E1004FEE70 /* Build configuration list for PBXNativeTarget "PitchPerfectIOS" */ = {
			isa = XCConfigurationList;
			buildConfigurations = (
				D42064F81ABC39E1004FEE70 /* Debug */,
				D42064F91ABC39E1004FEE70 /* Release */,
			);
			defaultConfigurationIsVisible = 0;
			defaultConfigurationName = Release;
		};
		D42064FA1ABC39E1004FEE70 /* Build configuration list for PBXNativeTarget "Pitch-Perfect-IOSTests" */ = {
			isa = XCConfigurationList;
			buildConfigurations = (
				D42064FB1ABC39E1004FEE70 /* Debug */,
				D42064FC1ABC39E1004FEE70 /* Release */,
			);
			defaultConfigurationIsVisible = 0;
			defaultConfigurationName = Release;
		};
		D4C9BF7E1ABC5393001B2786 /* Build configuration list for PBXNativeTarget "Controllers test" */ = {
			isa = XCConfigurationList;
			buildConfigurations = (
				D4C9BF7C1ABC5393001B2786 /* Debug */,
				D4C9BF7D1ABC5393001B2786 /* Release */,
			);
			defaultConfigurationIsVisible = 0;
			defaultConfigurationName = Release;
		};
/* End XCConfigurationList section */
	};
	rootObject = D42064D01ABC39E0004FEE70 /* Project object */;
}
